// !$*UTF8*$!
{
	archiveVersion = 1;
	classes = {
	};
	objectVersion = 50;
	objects = {

/* Begin PBXBuildFile section */
		67CBCCD223F967450045D474 /* AppDelegate.swift in Sources */ = {isa = PBXBuildFile; fileRef = 67CBCCD123F967450045D474 /* AppDelegate.swift */; };
		67CBCCD423F967450045D474 /* SceneDelegate.swift in Sources */ = {isa = PBXBuildFile; fileRef = 67CBCCD323F967450045D474 /* SceneDelegate.swift */; };
		67CBCCD623F967450045D474 /* ContentView.swift in Sources */ = {isa = PBXBuildFile; fileRef = 67CBCCD523F967450045D474 /* ContentView.swift */; };
		67CBCCD823F9674E0045D474 /* Assets.xcassets in Resources */ = {isa = PBXBuildFile; fileRef = 67CBCCD723F9674E0045D474 /* Assets.xcassets */; };
		67CBCCDB23F9674E0045D474 /* Preview Assets.xcassets in Resources */ = {isa = PBXBuildFile; fileRef = 67CBCCDA23F9674E0045D474 /* Preview Assets.xcassets */; };
		67CBCCDE23F9674E0045D474 /* LaunchScreen.storyboard in Resources */ = {isa = PBXBuildFile; fileRef = 67CBCCDC23F9674E0045D474 /* LaunchScreen.storyboard */; };
		67CBCCE723F989310045D474 /* astronauts.json in Resources */ = {isa = PBXBuildFile; fileRef = 67CBCCE523F989310045D474 /* astronauts.json */; };
		67CBCCE823F989310045D474 /* missions.json in Resources */ = {isa = PBXBuildFile; fileRef = 67CBCCE623F989310045D474 /* missions.json */; };
		67CBCCEA23F98C1D0045D474 /* Astronaut.swift in Sources */ = {isa = PBXBuildFile; fileRef = 67CBCCE923F98C1D0045D474 /* Astronaut.swift */; };
		67CBCCEC23F98C740045D474 /* Bundle-Decodable.swift in Sources */ = {isa = PBXBuildFile; fileRef = 67CBCCEB23F98C740045D474 /* Bundle-Decodable.swift */; };
		67CBCCEE23F98F2D0045D474 /* Mission.swift in Sources */ = {isa = PBXBuildFile; fileRef = 67CBCCED23F98F2C0045D474 /* Mission.swift */; };
/* End PBXBuildFile section */

/* Begin PBXFileReference section */
		67CBCCCE23F967450045D474 /* MoonShoot.app */ = {isa = PBXFileReference; explicitFileType = wrapper.application; includeInIndex = 0; path = MoonShoot.app; sourceTree = BUILT_PRODUCTS_DIR; };
		67CBCCD123F967450045D474 /* AppDelegate.swift */ = {isa = PBXFileReference; lastKnownFileType = sourcecode.swift; path = AppDelegate.swift; sourceTree = "<group>"; };
		67CBCCD323F967450045D474 /* SceneDelegate.swift */ = {isa = PBXFileReference; lastKnownFileType = sourcecode.swift; path = SceneDelegate.swift; sourceTree = "<group>"; };
		67CBCCD523F967450045D474 /* ContentView.swift */ = {isa = PBXFileReference; lastKnownFileType = sourcecode.swift; path = ContentView.swift; sourceTree = "<group>"; };
		67CBCCD723F9674E0045D474 /* Assets.xcassets */ = {isa = PBXFileReference; lastKnownFileType = folder.assetcatalog; path = Assets.xcassets; sourceTree = "<group>"; };
		67CBCCDA23F9674E0045D474 /* Preview Assets.xcassets */ = {isa = PBXFileReference; lastKnownFileType = folder.assetcatalog; path = "Preview Assets.xcassets"; sourceTree = "<group>"; };
		67CBCCDD23F9674E0045D474 /* Base */ = {isa = PBXFileReference; lastKnownFileType = file.storyboard; name = Base; path = Base.lproj/LaunchScreen.storyboard; sourceTree = "<group>"; };
		67CBCCDF23F9674E0045D474 /* Info.plist */ = {isa = PBXFileReference; lastKnownFileType = text.plist.xml; path = Info.plist; sourceTree = "<group>"; };
		67CBCCE523F989310045D474 /* astronauts.json */ = {isa = PBXFileReference; fileEncoding = 4; lastKnownFileType = text.json; path = astronauts.json; sourceTree = "<group>"; };
		67CBCCE623F989310045D474 /* missions.json */ = {isa = PBXFileReference; fileEncoding = 4; lastKnownFileType = text.json; path = missions.json; sourceTree = "<group>"; };
		67CBCCE923F98C1D0045D474 /* Astronaut.swift */ = {isa = PBXFileReference; lastKnownFileType = sourcecode.swift; path = Astronaut.swift; sourceTree = "<group>"; };
		67CBCCEB23F98C740045D474 /* Bundle-Decodable.swift */ = {isa = PBXFileReference; lastKnownFileType = sourcecode.swift; path = "Bundle-Decodable.swift"; sourceTree = "<group>"; };
		67CBCCED23F98F2C0045D474 /* Mission.swift */ = {isa = PBXFileReference; lastKnownFileType = sourcecode.swift; path = Mission.swift; sourceTree = "<group>"; };
/* End PBXFileReference section */

/* Begin PBXFrameworksBuildPhase section */
		67CBCCCB23F967450045D474 /* Frameworks */ = {
			isa = PBXFrameworksBuildPhase;
			buildActionMask = 2147483647;
			files = (
			);
			runOnlyForDeploymentPostprocessing = 0;
		};
/* End PBXFrameworksBuildPhase section */

/* Begin PBXGroup section */
		67CBCCC523F967450045D474 = {
			isa = PBXGroup;
			children = (
				67CBCCD023F967450045D474 /* MoonShoot */,
				67CBCCCF23F967450045D474 /* Products */,
			);
			sourceTree = "<group>";
		};
		67CBCCCF23F967450045D474 /* Products */ = {
			isa = PBXGroup;
			children = (
				67CBCCCE23F967450045D474 /* MoonShoot.app */,
			);
			name = Products;
			sourceTree = "<group>";
		};
		67CBCCD023F967450045D474 /* MoonShoot */ = {
			isa = PBXGroup;
			children = (
				67CBCCD123F967450045D474 /* AppDelegate.swift */,
				67CBCCD323F967450045D474 /* SceneDelegate.swift */,
				67CBCCD523F967450045D474 /* ContentView.swift */,
				67CBCCE923F98C1D0045D474 /* Astronaut.swift */,
				67CBCCED23F98F2C0045D474 /* Mission.swift */,
				67CBCCEB23F98C740045D474 /* Bundle-Decodable.swift */,
				67CBCCD723F9674E0045D474 /* Assets.xcassets */,
				67CBCCE523F989310045D474 /* astronauts.json */,
				67CBCCE623F989310045D474 /* missions.json */,
				67CBCCDC23F9674E0045D474 /* LaunchScreen.storyboard */,
				67CBCCDF23F9674E0045D474 /* Info.plist */,
				67CBCCD923F9674E0045D474 /* Preview Content */,
			);
			path = MoonShoot;
			sourceTree = "<group>";
		};
		67CBCCD923F9674E0045D474 /* Preview Content */ = {
			isa = PBXGroup;
			children = (
				67CBCCDA23F9674E0045D474 /* Preview Assets.xcassets */,
			);
			path = "Preview Content";
			sourceTree = "<group>";
		};
/* End PBXGroup section */

/* Begin PBXNativeTarget section */
		67CBCCCD23F967450045D474 /* MoonShoot */ = {
			isa = PBXNativeTarget;
			buildConfigurationList = 67CBCCE223F9674E0045D474 /* Build configuration list for PBXNativeTarget "MoonShoot" */;
			buildPhases = (
				67CBCCCA23F967450045D474 /* Sources */,
				67CBCCCB23F967450045D474 /* Frameworks */,
				67CBCCCC23F967450045D474 /* Resources */,
			);
			buildRules = (
			);
			dependencies = (
			);
			name = MoonShoot;
			productName = MoonShoot;
			productReference = 67CBCCCE23F967450045D474 /* MoonShoot.app */;
			productType = "com.apple.product-type.application";
		};
/* End PBXNativeTarget section */

/* Begin PBXProject section */
		67CBCCC623F967450045D474 /* Project object */ = {
			isa = PBXProject;
			attributes = {
				LastSwiftUpdateCheck = 1130;
				LastUpgradeCheck = 1130;
				ORGANIZATIONNAME = ChamanGurjar;
				TargetAttributes = {
					67CBCCCD23F967450045D474 = {
						CreatedOnToolsVersion = 11.3.1;
					};
				};
			};
			buildConfigurationList = 67CBCCC923F967450045D474 /* Build configuration list for PBXProject "MoonShoot" */;
			compatibilityVersion = "Xcode 9.3";
			developmentRegion = en;
			hasScannedForEncodings = 0;
			knownRegions = (
				en,
				Base,
			);
			mainGroup = 67CBCCC523F967450045D474;
			productRefGroup = 67CBCCCF23F967450045D474 /* Products */;
			projectDirPath = "";
			projectRoot = "";
			targets = (
				67CBCCCD23F967450045D474 /* MoonShoot */,
			);
		};
/* End PBXProject section */

/* Begin PBXResourcesBuildPhase section */
		67CBCCCC23F967450045D474 /* Resources */ = {
			isa = PBXResourcesBuildPhase;
			buildActionMask = 2147483647;
			files = (
				67CBCCDE23F9674E0045D474 /* LaunchScreen.storyboard in Resources */,
				67CBCCE823F989310045D474 /* missions.json in Resources */,
				67CBCCDB23F9674E0045D474 /* Preview Assets.xcassets in Resources */,
				67CBCCD823F9674E0045D474 /* Assets.xcassets in Resources */,
				67CBCCE723F989310045D474 /* astronauts.json in Resources */,
			);
			runOnlyForDeploymentPostprocessing = 0;
		};
/* End PBXResourcesBuildPhase section */

/* Begin PBXSourcesBuildPhase section */
		67CBCCCA23F967450045D474 /* Sources */ = {
			isa = PBXSourcesBuildPhase;
			buildActionMask = 2147483647;
			files = (
				67CBCCEE23F98F2D0045D474 /* Mission.swift in Sources */,
				67CBCCD223F967450045D474 /* AppDelegate.swift in Sources */,
				67CBCCD423F967450045D474 /* SceneDelegate.swift in Sources */,
				67CBCCEC23F98C740045D474 /* Bundle-Decodable.swift in Sources */,
				67CBCCD623F967450045D474 /* ContentView.swift in Sources */,
				67CBCCEA23F98C1D0045D474 /* Astronaut.swift in Sources */,
			);
			runOnlyForDeploymentPostprocessing = 0;
		};
/* End PBXSourcesBuildPhase section */

/* Begin PBXVariantGroup section */
		67CBCCDC23F9674E0045D474 /* LaunchScreen.storyboard */ = {
			isa = PBXVariantGroup;
			children = (
				67CBCCDD23F9674E0045D474 /* Base */,
			);
			name = LaunchScreen.storyboard;
			sourceTree = "<group>";
		};
/* End PBXVariantGroup section */

/* Begin XCBuildConfiguration section */
		67CBCCE023F9674E0045D474 /* Debug */ = {
			isa = XCBuildConfiguration;
			buildSettings = {
				ALWAYS_SEARCH_USER_PATHS = NO;
				CLANG_ANALYZER_NONNULL = YES;
				CLANG_ANALYZER_NUMBER_OBJECT_CONVERSION = YES_AGGRESSIVE;
				CLANG_CXX_LANGUAGE_STANDARD = "gnu++14";
				CLANG_CXX_LIBRARY = "libc++";
				CLANG_ENABLE_MODULES = YES;
				CLANG_ENABLE_OBJC_ARC = YES;
				CLANG_ENABLE_OBJC_WEAK = YES;
				CLANG_WARN_BLOCK_CAPTURE_AUTORELEASING = YES;
				CLANG_WARN_BOOL_CONVERSION = YES;
				CLANG_WARN_COMMA = YES;
				CLANG_WARN_CONSTANT_CONVERSION = YES;
				CLANG_WARN_DEPRECATED_OBJC_IMPLEMENTATIONS = YES;
				CLANG_WARN_DIRECT_OBJC_ISA_USAGE = YES_ERROR;
				CLANG_WARN_DOCUMENTATION_COMMENTS = YES;
				CLANG_WARN_EMPTY_BODY = YES;
				CLANG_WARN_ENUM_CONVERSION = YES;
				CLANG_WARN_INFINITE_RECURSION = YES;
				CLANG_WARN_INT_CONVERSION = YES;
				CLANG_WARN_NON_LITERAL_NULL_CONVERSION = YES;
				CLANG_WARN_OBJC_IMPLICIT_RETAIN_SELF = YES;
				CLANG_WARN_OBJC_LITERAL_CONVERSION = YES;
				CLANG_WARN_OBJC_ROOT_CLASS = YES_ERROR;
				CLANG_WARN_RANGE_LOOP_ANALYSIS = YES;
				CLANG_WARN_STRICT_PROTOTYPES = YES;
				CLANG_WARN_SUSPICIOUS_MOVE = YES;
				CLANG_WARN_UNGUARDED_AVAILABILITY = YES_AGGRESSIVE;
				CLANG_WARN_UNREACHABLE_CODE = YES;
				CLANG_WARN__DUPLICATE_METHOD_MATCH = YES;
				COPY_PHASE_STRIP = NO;
				DEBUG_INFORMATION_FORMAT = dwarf;
				ENABLE_STRICT_OBJC_MSGSEND = YES;
				ENABLE_TESTABILITY = YES;
				GCC_C_LANGUAGE_STANDARD = gnu11;
				GCC_DYNAMIC_NO_PIC = NO;
				GCC_NO_COMMON_BLOCKS = YES;
				GCC_OPTIMIZATION_LEVEL = 0;
				GCC_PREPROCESSOR_DEFINITIONS = (
					"DEBUG=1",
					"$(inherited)",
				);
				GCC_WARN_64_TO_32_BIT_CONVERSION = YES;
				GCC_WARN_ABOUT_RETURN_TYPE = YES_ERROR;
				GCC_WARN_UNDECLARED_SELECTOR = YES;
				GCC_WARN_UNINITIALIZED_AUTOS = YES_AGGRESSIVE;
				GCC_WARN_UNUSED_FUNCTION = YES;
				GCC_WARN_UNUSED_VARIABLE = YES;
				IPHONEOS_DEPLOYMENT_TARGET = 13.2;
				MTL_ENABLE_DEBUG_INFO = INCLUDE_SOURCE;
				MTL_FAST_MATH = YES;
				ONLY_ACTIVE_ARCH = YES;
				SDKROOT = iphoneos;
				SWIFT_ACTIVE_COMPILATION_CONDITIONS = DEBUG;
				SWIFT_OPTIMIZATION_LEVEL = "-Onone";
			};
			name = Debug;
		};
		67CBCCE123F9674E0045D474 /* Release */ = {
			isa = XCBuildConfiguration;
			buildSettings = {
				ALWAYS_SEARCH_USER_PATHS = NO;
				CLANG_ANALYZER_NONNULL = YES;
				CLANG_ANALYZER_NUMBER_OBJECT_CONVERSION = YES_AGGRESSIVE;
				CLANG_CXX_LANGUAGE_STANDARD = "gnu++14";
				CLANG_CXX_LIBRARY = "libc++";
				CLANG_ENABLE_MODULES = YES;
				CLANG_ENABLE_OBJC_ARC = YES;
				CLANG_ENABLE_OBJC_WEAK = YES;
				CLANG_WARN_BLOCK_CAPTURE_AUTORELEASING = YES;
				CLANG_WARN_BOOL_CONVERSION = YES;
				CLANG_WARN_COMMA = YES;
				CLANG_WARN_CONSTANT_CONVERSION = YES;
				CLANG_WARN_DEPRECATED_OBJC_IMPLEMENTATIONS = YES;
				CLANG_WARN_DIRECT_OBJC_ISA_USAGE = YES_ERROR;
				CLANG_WARN_DOCUMENTATION_COMMENTS = YES;
				CLANG_WARN_EMPTY_BODY = YES;
				CLANG_WARN_ENUM_CONVERSION = YES;
				CLANG_WARN_INFINITE_RECURSION = YES;
				CLANG_WARN_INT_CONVERSION = YES;
				CLANG_WARN_NON_LITERAL_NULL_CONVERSION = YES;
				CLANG_WARN_OBJC_IMPLICIT_RETAIN_SELF = YES;
				CLANG_WARN_OBJC_LITERAL_CONVERSION = YES;
				CLANG_WARN_OBJC_ROOT_CLASS = YES_ERROR;
				CLANG_WARN_RANGE_LOOP_ANALYSIS = YES;
				CLANG_WARN_STRICT_PROTOTYPES = YES;
				CLANG_WARN_SUSPICIOUS_MOVE = YES;
				CLANG_WARN_UNGUARDED_AVAILABILITY = YES_AGGRESSIVE;
				CLANG_WARN_UNREACHABLE_CODE = YES;
				CLANG_WARN__DUPLICATE_METHOD_MATCH = YES;
				COPY_PHASE_STRIP = NO;
				DEBUG_INFORMATION_FORMAT = "dwarf-with-dsym";
				ENABLE_NS_ASSERTIONS = NO;
				ENABLE_STRICT_OBJC_MSGSEND = YES;
				GCC_C_LANGUAGE_STANDARD = gnu11;
				GCC_NO_COMMON_BLOCKS = YES;
				GCC_WARN_64_TO_32_BIT_CONVERSION = YES;
				GCC_WARN_ABOUT_RETURN_TYPE = YES_ERROR;
				GCC_WARN_UNDECLARED_SELECTOR = YES;
				GCC_WARN_UNINITIALIZED_AUTOS = YES_AGGRESSIVE;
				GCC_WARN_UNUSED_FUNCTION = YES;
				GCC_WARN_UNUSED_VARIABLE = YES;
				IPHONEOS_DEPLOYMENT_TARGET = 13.2;
				MTL_ENABLE_DEBUG_INFO = NO;
				MTL_FAST_MATH = YES;
				SDKROOT = iphoneos;
				SWIFT_COMPILATION_MODE = wholemodule;
				SWIFT_OPTIMIZATION_LEVEL = "-O";
				VALIDATE_PRODUCT = YES;
			};
			name = Release;
		};
		67CBCCE323F9674E0045D474 /* Debug */ = {
			isa = XCBuildConfiguration;
			buildSettings = {
				ASSETCATALOG_COMPILER_APPICON_NAME = AppIcon;
				CODE_SIGN_STYLE = Automatic;
				DEVELOPMENT_ASSET_PATHS = "\"MoonShoot/Preview Content\"";
				ENABLE_PREVIEWS = YES;
				INFOPLIST_FILE = MoonShoot/Info.plist;
				LD_RUNPATH_SEARCH_PATHS = (
					"$(inherited)",
					"@executable_path/Frameworks",
				);
				PRODUCT_BUNDLE_IDENTIFIER = in.gurjar.chaman.MoonShoot;
				PRODUCT_NAME = "$(TARGET_NAME)";
				SWIFT_VERSION = 5.0;
				TARGETED_DEVICE_FAMILY = "1,2";
			};
			name = Debug;
		};
		67CBCCE423F9674E0045D474 /* Release */ = {
			isa = XCBuildConfiguration;
			buildSettings = {
				ASSETCATALOG_COMPILER_APPICON_NAME = AppIcon;
				CODE_SIGN_STYLE = Automatic;
				DEVELOPMENT_ASSET_PATHS = "\"MoonShoot/Preview Content\"";
				ENABLE_PREVIEWS = YES;
				INFOPLIST_FILE = MoonShoot/Info.plist;
				LD_RUNPATH_SEARCH_PATHS = (
					"$(inherited)",
					"@executable_path/Frameworks",
				);
				PRODUCT_BUNDLE_IDENTIFIER = in.gurjar.chaman.MoonShoot;
				PRODUCT_NAME = "$(TARGET_NAME)";
				SWIFT_VERSION = 5.0;
				TARGETED_DEVICE_FAMILY = "1,2";
			};
			name = Release;
		};
/* End XCBuildConfiguration section */

/* Begin XCConfigurationList section */
		67CBCCC923F967450045D474 /* Build configuration list for PBXProject "MoonShoot" */ = {
			isa = XCConfigurationList;
			buildConfigurations = (
				67CBCCE023F9674E0045D474 /* Debug */,
				67CBCCE123F9674E0045D474 /* Release */,
			);
			defaultConfigurationIsVisible = 0;
			defaultConfigurationName = Release;
		};
		67CBCCE223F9674E0045D474 /* Build configuration list for PBXNativeTarget "MoonShoot" */ = {
			isa = XCConfigurationList;
			buildConfigurations = (
				67CBCCE323F9674E0045D474 /* Debug */,
				67CBCCE423F9674E0045D474 /* Release */,
			);
			defaultConfigurationIsVisible = 0;
			defaultConfigurationName = Release;
		};
/* End XCConfigurationList section */
	};
	rootObject = 67CBCCC623F967450045D474 /* Project object */;
}
