// !$*UTF8*$!
{
	archiveVersion = 1;
	classes = {
	};
	objectVersion = 50;
	objects = {

/* Begin PBXBuildFile section */
		67EA2CE82432393F007FD83C /* AppDelegate.swift in Sources */ = {isa = PBXBuildFile; fileRef = 67EA2CE72432393F007FD83C /* AppDelegate.swift */; };
		67EA2CEA2432393F007FD83C /* SceneDelegate.swift in Sources */ = {isa = PBXBuildFile; fileRef = 67EA2CE92432393F007FD83C /* SceneDelegate.swift */; };
		67EA2CED2432393F007FD83C /* BookWorm.xcdatamodeld in Sources */ = {isa = PBXBuildFile; fileRef = 67EA2CEB2432393F007FD83C /* BookWorm.xcdatamodeld */; };
		67EA2CEF2432393F007FD83C /* ContentView.swift in Sources */ = {isa = PBXBuildFile; fileRef = 67EA2CEE2432393F007FD83C /* ContentView.swift */; };
		67EA2CF124323945007FD83C /* Assets.xcassets in Resources */ = {isa = PBXBuildFile; fileRef = 67EA2CF024323945007FD83C /* Assets.xcassets */; };
		67EA2CF424323945007FD83C /* Preview Assets.xcassets in Resources */ = {isa = PBXBuildFile; fileRef = 67EA2CF324323945007FD83C /* Preview Assets.xcassets */; };
		67EA2CF724323945007FD83C /* LaunchScreen.storyboard in Resources */ = {isa = PBXBuildFile; fileRef = 67EA2CF524323945007FD83C /* LaunchScreen.storyboard */; };
		67EA2CFF24323E73007FD83C /* AddBookView.swift in Sources */ = {isa = PBXBuildFile; fileRef = 67EA2CFE24323E73007FD83C /* AddBookView.swift */; };
		67EA2D0124325359007FD83C /* RatingView.swift in Sources */ = {isa = PBXBuildFile; fileRef = 67EA2D0024325359007FD83C /* RatingView.swift */; };
		67EA2D032432569B007FD83C /* EmojiRatingView.swift in Sources */ = {isa = PBXBuildFile; fileRef = 67EA2D022432569B007FD83C /* EmojiRatingView.swift */; };
/* End PBXBuildFile section */

/* Begin PBXFileReference section */
		67EA2CE42432393F007FD83C /* BookWorm.app */ = {isa = PBXFileReference; explicitFileType = wrapper.application; includeInIndex = 0; path = BookWorm.app; sourceTree = BUILT_PRODUCTS_DIR; };
		67EA2CE72432393F007FD83C /* AppDelegate.swift */ = {isa = PBXFileReference; lastKnownFileType = sourcecode.swift; path = AppDelegate.swift; sourceTree = "<group>"; };
		67EA2CE92432393F007FD83C /* SceneDelegate.swift */ = {isa = PBXFileReference; lastKnownFileType = sourcecode.swift; path = SceneDelegate.swift; sourceTree = "<group>"; };
		67EA2CEC2432393F007FD83C /* BookWorm.xcdatamodel */ = {isa = PBXFileReference; lastKnownFileType = wrapper.xcdatamodel; path = BookWorm.xcdatamodel; sourceTree = "<group>"; };
		67EA2CEE2432393F007FD83C /* ContentView.swift */ = {isa = PBXFileReference; lastKnownFileType = sourcecode.swift; path = ContentView.swift; sourceTree = "<group>"; };
		67EA2CF024323945007FD83C /* Assets.xcassets */ = {isa = PBXFileReference; lastKnownFileType = folder.assetcatalog; path = Assets.xcassets; sourceTree = "<group>"; };
		67EA2CF324323945007FD83C /* Preview Assets.xcassets */ = {isa = PBXFileReference; lastKnownFileType = folder.assetcatalog; path = "Preview Assets.xcassets"; sourceTree = "<group>"; };
		67EA2CF624323945007FD83C /* Base */ = {isa = PBXFileReference; lastKnownFileType = file.storyboard; name = Base; path = Base.lproj/LaunchScreen.storyboard; sourceTree = "<group>"; };
		67EA2CF824323945007FD83C /* Info.plist */ = {isa = PBXFileReference; lastKnownFileType = text.plist.xml; path = Info.plist; sourceTree = "<group>"; };
		67EA2CFE24323E73007FD83C /* AddBookView.swift */ = {isa = PBXFileReference; lastKnownFileType = sourcecode.swift; path = AddBookView.swift; sourceTree = "<group>"; };
		67EA2D0024325359007FD83C /* RatingView.swift */ = {isa = PBXFileReference; lastKnownFileType = sourcecode.swift; path = RatingView.swift; sourceTree = "<group>"; };
		67EA2D022432569B007FD83C /* EmojiRatingView.swift */ = {isa = PBXFileReference; lastKnownFileType = sourcecode.swift; path = EmojiRatingView.swift; sourceTree = "<group>"; };
/* End PBXFileReference section */

/* Begin PBXFrameworksBuildPhase section */
		67EA2CE12432393F007FD83C /* Frameworks */ = {
			isa = PBXFrameworksBuildPhase;
			buildActionMask = 2147483647;
			files = (
			);
			runOnlyForDeploymentPostprocessing = 0;
		};
/* End PBXFrameworksBuildPhase section */

/* Begin PBXGroup section */
		67EA2CDB2432393F007FD83C = {
			isa = PBXGroup;
			children = (
				67EA2CE62432393F007FD83C /* BookWorm */,
				67EA2CE52432393F007FD83C /* Products */,
			);
			sourceTree = "<group>";
		};
		67EA2CE52432393F007FD83C /* Products */ = {
			isa = PBXGroup;
			children = (
				67EA2CE42432393F007FD83C /* BookWorm.app */,
			);
			name = Products;
			sourceTree = "<group>";
		};
		67EA2CE62432393F007FD83C /* BookWorm */ = {
			isa = PBXGroup;
			children = (
				67EA2CE72432393F007FD83C /* AppDelegate.swift */,
				67EA2CE92432393F007FD83C /* SceneDelegate.swift */,
				67EA2CEE2432393F007FD83C /* ContentView.swift */,
				67EA2CFE24323E73007FD83C /* AddBookView.swift */,
				67EA2D0024325359007FD83C /* RatingView.swift */,
				67EA2D022432569B007FD83C /* EmojiRatingView.swift */,
				67EA2CF024323945007FD83C /* Assets.xcassets */,
				67EA2CF524323945007FD83C /* LaunchScreen.storyboard */,
				67EA2CF824323945007FD83C /* Info.plist */,
				67EA2CEB2432393F007FD83C /* BookWorm.xcdatamodeld */,
				67EA2CF224323945007FD83C /* Preview Content */,
			);
			path = BookWorm;
			sourceTree = "<group>";
		};
		67EA2CF224323945007FD83C /* Preview Content */ = {
			isa = PBXGroup;
			children = (
				67EA2CF324323945007FD83C /* Preview Assets.xcassets */,
			);
			path = "Preview Content";
			sourceTree = "<group>";
		};
/* End PBXGroup section */

/* Begin PBXNativeTarget section */
		67EA2CE32432393F007FD83C /* BookWorm */ = {
			isa = PBXNativeTarget;
			buildConfigurationList = 67EA2CFB24323945007FD83C /* Build configuration list for PBXNativeTarget "BookWorm" */;
			buildPhases = (
				67EA2CE02432393F007FD83C /* Sources */,
				67EA2CE12432393F007FD83C /* Frameworks */,
				67EA2CE22432393F007FD83C /* Resources */,
			);
			buildRules = (
			);
			dependencies = (
			);
			name = BookWorm;
			productName = BookWorm;
			productReference = 67EA2CE42432393F007FD83C /* BookWorm.app */;
			productType = "com.apple.product-type.application";
		};
/* End PBXNativeTarget section */

/* Begin PBXProject section */
		67EA2CDC2432393F007FD83C /* Project object */ = {
			isa = PBXProject;
			attributes = {
				LastSwiftUpdateCheck = 1130;
				LastUpgradeCheck = 1130;
				ORGANIZATIONNAME = ChamanGurjar;
				TargetAttributes = {
					67EA2CE32432393F007FD83C = {
						CreatedOnToolsVersion = 11.3.1;
					};
				};
			};
			buildConfigurationList = 67EA2CDF2432393F007FD83C /* Build configuration list for PBXProject "BookWorm" */;
			compatibilityVersion = "Xcode 9.3";
			developmentRegion = en;
			hasScannedForEncodings = 0;
			knownRegions = (
				en,
				Base,
			);
			mainGroup = 67EA2CDB2432393F007FD83C;
			productRefGroup = 67EA2CE52432393F007FD83C /* Products */;
			projectDirPath = "";
			projectRoot = "";
			targets = (
				67EA2CE32432393F007FD83C /* BookWorm */,
			);
		};
/* End PBXProject section */

/* Begin PBXResourcesBuildPhase section */
		67EA2CE22432393F007FD83C /* Resources */ = {
			isa = PBXResourcesBuildPhase;
			buildActionMask = 2147483647;
			files = (
				67EA2CF724323945007FD83C /* LaunchScreen.storyboard in Resources */,
				67EA2CF424323945007FD83C /* Preview Assets.xcassets in Resources */,
				67EA2CF124323945007FD83C /* Assets.xcassets in Resources */,
			);
			runOnlyForDeploymentPostprocessing = 0;
		};
/* End PBXResourcesBuildPhase section */

/* Begin PBXSourcesBuildPhase section */
		67EA2CE02432393F007FD83C /* Sources */ = {
			isa = PBXSourcesBuildPhase;
			buildActionMask = 2147483647;
			files = (
				67EA2CED2432393F007FD83C /* BookWorm.xcdatamodeld in Sources */,
				67EA2CE82432393F007FD83C /* AppDelegate.swift in Sources */,
				67EA2D032432569B007FD83C /* EmojiRatingView.swift in Sources */,
				67EA2CEF2432393F007FD83C /* ContentView.swift in Sources */,
				67EA2D0124325359007FD83C /* RatingView.swift in Sources */,
				67EA2CEA2432393F007FD83C /* SceneDelegate.swift in Sources */,
				67EA2CFF24323E73007FD83C /* AddBookView.swift in Sources */,
			);
			runOnlyForDeploymentPostprocessing = 0;
		};
/* End PBXSourcesBuildPhase section */

/* Begin PBXVariantGroup section */
		67EA2CF524323945007FD83C /* LaunchScreen.storyboard */ = {
			isa = PBXVariantGroup;
			children = (
				67EA2CF624323945007FD83C /* Base */,
			);
			name = LaunchScreen.storyboard;
			sourceTree = "<group>";
		};
/* End PBXVariantGroup section */

/* Begin XCBuildConfiguration section */
		67EA2CF924323945007FD83C /* Debug */ = {
			isa = XCBuildConfiguration;
			buildSettings = {
				ALWAYS_SEARCH_USER_PATHS = NO;
				CLANG_ANALYZER_NONNULL = YES;
				CLANG_ANALYZER_NUMBER_OBJECT_CONVERSION = YES_AGGRESSIVE;
				CLANG_CXX_LANGUAGE_STANDARD = "gnu++14";
				CLANG_CXX_LIBRARY = "libc++";
				CLANG_ENABLE_MODULES = YES;
				CLANG_ENABLE_OBJC_ARC = YES;
				CLANG_ENABLE_OBJC_WEAK = YES;
				CLANG_WARN_BLOCK_CAPTURE_AUTORELEASING = YES;
				CLANG_WARN_BOOL_CONVERSION = YES;
				CLANG_WARN_COMMA = YES;
				CLANG_WARN_CONSTANT_CONVERSION = YES;
				CLANG_WARN_DEPRECATED_OBJC_IMPLEMENTATIONS = YES;
				CLANG_WARN_DIRECT_OBJC_ISA_USAGE = YES_ERROR;
				CLANG_WARN_DOCUMENTATION_COMMENTS = YES;
				CLANG_WARN_EMPTY_BODY = YES;
				CLANG_WARN_ENUM_CONVERSION = YES;
				CLANG_WARN_INFINITE_RECURSION = YES;
				CLANG_WARN_INT_CONVERSION = YES;
				CLANG_WARN_NON_LITERAL_NULL_CONVERSION = YES;
				CLANG_WARN_OBJC_IMPLICIT_RETAIN_SELF = YES;
				CLANG_WARN_OBJC_LITERAL_CONVERSION = YES;
				CLANG_WARN_OBJC_ROOT_CLASS = YES_ERROR;
				CLANG_WARN_RANGE_LOOP_ANALYSIS = YES;
				CLANG_WARN_STRICT_PROTOTYPES = YES;
				CLANG_WARN_SUSPICIOUS_MOVE = YES;
				CLANG_WARN_UNGUARDED_AVAILABILITY = YES_AGGRESSIVE;
				CLANG_WARN_UNREACHABLE_CODE = YES;
				CLANG_WARN__DUPLICATE_METHOD_MATCH = YES;
				COPY_PHASE_STRIP = NO;
				DEBUG_INFORMATION_FORMAT = dwarf;
				ENABLE_STRICT_OBJC_MSGSEND = YES;
				ENABLE_TESTABILITY = YES;
				GCC_C_LANGUAGE_STANDARD = gnu11;
				GCC_DYNAMIC_NO_PIC = NO;
				GCC_NO_COMMON_BLOCKS = YES;
				GCC_OPTIMIZATION_LEVEL = 0;
				GCC_PREPROCESSOR_DEFINITIONS = (
					"DEBUG=1",
					"$(inherited)",
				);
				GCC_WARN_64_TO_32_BIT_CONVERSION = YES;
				GCC_WARN_ABOUT_RETURN_TYPE = YES_ERROR;
				GCC_WARN_UNDECLARED_SELECTOR = YES;
				GCC_WARN_UNINITIALIZED_AUTOS = YES_AGGRESSIVE;
				GCC_WARN_UNUSED_FUNCTION = YES;
				GCC_WARN_UNUSED_VARIABLE = YES;
				IPHONEOS_DEPLOYMENT_TARGET = 13.2;
				MTL_ENABLE_DEBUG_INFO = INCLUDE_SOURCE;
				MTL_FAST_MATH = YES;
				ONLY_ACTIVE_ARCH = YES;
				SDKROOT = iphoneos;
				SWIFT_ACTIVE_COMPILATION_CONDITIONS = DEBUG;
				SWIFT_OPTIMIZATION_LEVEL = "-Onone";
			};
			name = Debug;
		};
		67EA2CFA24323945007FD83C /* Release */ = {
			isa = XCBuildConfiguration;
			buildSettings = {
				ALWAYS_SEARCH_USER_PATHS = NO;
				CLANG_ANALYZER_NONNULL = YES;
				CLANG_ANALYZER_NUMBER_OBJECT_CONVERSION = YES_AGGRESSIVE;
				CLANG_CXX_LANGUAGE_STANDARD = "gnu++14";
				CLANG_CXX_LIBRARY = "libc++";
				CLANG_ENABLE_MODULES = YES;
				CLANG_ENABLE_OBJC_ARC = YES;
				CLANG_ENABLE_OBJC_WEAK = YES;
				CLANG_WARN_BLOCK_CAPTURE_AUTORELEASING = YES;
				CLANG_WARN_BOOL_CONVERSION = YES;
				CLANG_WARN_COMMA = YES;
				CLANG_WARN_CONSTANT_CONVERSION = YES;
				CLANG_WARN_DEPRECATED_OBJC_IMPLEMENTATIONS = YES;
				CLANG_WARN_DIRECT_OBJC_ISA_USAGE = YES_ERROR;
				CLANG_WARN_DOCUMENTATION_COMMENTS = YES;
				CLANG_WARN_EMPTY_BODY = YES;
				CLANG_WARN_ENUM_CONVERSION = YES;
				CLANG_WARN_INFINITE_RECURSION = YES;
				CLANG_WARN_INT_CONVERSION = YES;
				CLANG_WARN_NON_LITERAL_NULL_CONVERSION = YES;
				CLANG_WARN_OBJC_IMPLICIT_RETAIN_SELF = YES;
				CLANG_WARN_OBJC_LITERAL_CONVERSION = YES;
				CLANG_WARN_OBJC_ROOT_CLASS = YES_ERROR;
				CLANG_WARN_RANGE_LOOP_ANALYSIS = YES;
				CLANG_WARN_STRICT_PROTOTYPES = YES;
				CLANG_WARN_SUSPICIOUS_MOVE = YES;
				CLANG_WARN_UNGUARDED_AVAILABILITY = YES_AGGRESSIVE;
				CLANG_WARN_UNREACHABLE_CODE = YES;
				CLANG_WARN__DUPLICATE_METHOD_MATCH = YES;
				COPY_PHASE_STRIP = NO;
				DEBUG_INFORMATION_FORMAT = "dwarf-with-dsym";
				ENABLE_NS_ASSERTIONS = NO;
				ENABLE_STRICT_OBJC_MSGSEND = YES;
				GCC_C_LANGUAGE_STANDARD = gnu11;
				GCC_NO_COMMON_BLOCKS = YES;
				GCC_WARN_64_TO_32_BIT_CONVERSION = YES;
				GCC_WARN_ABOUT_RETURN_TYPE = YES_ERROR;
				GCC_WARN_UNDECLARED_SELECTOR = YES;
				GCC_WARN_UNINITIALIZED_AUTOS = YES_AGGRESSIVE;
				GCC_WARN_UNUSED_FUNCTION = YES;
				GCC_WARN_UNUSED_VARIABLE = YES;
				IPHONEOS_DEPLOYMENT_TARGET = 13.2;
				MTL_ENABLE_DEBUG_INFO = NO;
				MTL_FAST_MATH = YES;
				SDKROOT = iphoneos;
				SWIFT_COMPILATION_MODE = wholemodule;
				SWIFT_OPTIMIZATION_LEVEL = "-O";
				VALIDATE_PRODUCT = YES;
			};
			name = Release;
		};
		67EA2CFC24323945007FD83C /* Debug */ = {
			isa = XCBuildConfiguration;
			buildSettings = {
				ASSETCATALOG_COMPILER_APPICON_NAME = AppIcon;
				CODE_SIGN_STYLE = Automatic;
				DEVELOPMENT_ASSET_PATHS = "\"BookWorm/Preview Content\"";
				ENABLE_PREVIEWS = YES;
				INFOPLIST_FILE = BookWorm/Info.plist;
				LD_RUNPATH_SEARCH_PATHS = (
					"$(inherited)",
					"@executable_path/Frameworks",
				);
				PRODUCT_BUNDLE_IDENTIFIER = in.gurjar.chaman.BookWorm;
				PRODUCT_NAME = "$(TARGET_NAME)";
				SWIFT_VERSION = 5.0;
				TARGETED_DEVICE_FAMILY = "1,2";
			};
			name = Debug;
		};
		67EA2CFD24323945007FD83C /* Release */ = {
			isa = XCBuildConfiguration;
			buildSettings = {
				ASSETCATALOG_COMPILER_APPICON_NAME = AppIcon;
				CODE_SIGN_STYLE = Automatic;
				DEVELOPMENT_ASSET_PATHS = "\"BookWorm/Preview Content\"";
				ENABLE_PREVIEWS = YES;
				INFOPLIST_FILE = BookWorm/Info.plist;
				LD_RUNPATH_SEARCH_PATHS = (
					"$(inherited)",
					"@executable_path/Frameworks",
				);
				PRODUCT_BUNDLE_IDENTIFIER = in.gurjar.chaman.BookWorm;
				PRODUCT_NAME = "$(TARGET_NAME)";
				SWIFT_VERSION = 5.0;
				TARGETED_DEVICE_FAMILY = "1,2";
			};
			name = Release;
		};
/* End XCBuildConfiguration section */

/* Begin XCConfigurationList section */
		67EA2CDF2432393F007FD83C /* Build configuration list for PBXProject "BookWorm" */ = {
			isa = XCConfigurationList;
			buildConfigurations = (
				67EA2CF924323945007FD83C /* Debug */,
				67EA2CFA24323945007FD83C /* Release */,
			);
			defaultConfigurationIsVisible = 0;
			defaultConfigurationName = Release;
		};
		67EA2CFB24323945007FD83C /* Build configuration list for PBXNativeTarget "BookWorm" */ = {
			isa = XCConfigurationList;
			buildConfigurations = (
				67EA2CFC24323945007FD83C /* Debug */,
				67EA2CFD24323945007FD83C /* Release */,
			);
			defaultConfigurationIsVisible = 0;
			defaultConfigurationName = Release;
		};
/* End XCConfigurationList section */

/* Begin XCVersionGroup section */
		67EA2CEB2432393F007FD83C /* BookWorm.xcdatamodeld */ = {
			isa = XCVersionGroup;
			children = (
				67EA2CEC2432393F007FD83C /* BookWorm.xcdatamodel */,
			);
			currentVersion = 67EA2CEC2432393F007FD83C /* BookWorm.xcdatamodel */;
			path = BookWorm.xcdatamodeld;
			sourceTree = "<group>";
			versionGroupType = wrapper.xcdatamodel;
		};
/* End XCVersionGroup section */
	};
	rootObject = 67EA2CDC2432393F007FD83C /* Project object */;
}
